
Microsoft Visual Studio Solution File, Format Version 12.00
# Visual Studio Version 17
VisualStudioVersion = 17.6.33829.357
MinimumVisualStudioVersion = 10.0.40219.1
Project("{FAE04EC0-301F-11D3-BF4B-00C04F79EFBC}") = "Task6", "Task6.csproj", "{B307B33C-9125-4EAD-99AB-661A4C5FC87E}"
EndProject
Global
	GlobalSection(SolutionConfigurationPlatforms) = preSolution
		Debug|Any CPU = Debug|Any CPU
		Release|Any CPU = Release|Any CPU
	EndGlobalSection
	GlobalSection(ProjectConfigurationPlatforms) = postSolution
		{B307B33C-9125-4EAD-99AB-661A4C5FC87E}.Debug|Any CPU.ActiveCfg = Debug|Any CPU
		{B307B33C-9125-4EAD-99AB-661A4C5FC87E}.Debug|Any CPU.Build.0 = Debug|Any CPU
		{B307B33C-9125-4EAD-99AB-661A4C5FC87E}.Release|Any CPU.ActiveCfg = Release|Any CPU
		{B307B33C-9125-4EAD-99AB-661A4C5FC87E}.Release|Any CPU.Build.0 = Release|Any CPU
	EndGlobalSection
	GlobalSection(SolutionProperties) = preSolution
		HideSolutionNode = FALSE
	EndGlobalSection
	GlobalSection(ExtensibilityGlobals) = postSolution
		SolutionGuid = {90A70D29-DD48-4931-8E79-CBA86E1B2FE3}
	EndGlobalSection
EndGlobal
